{
  "name": "solr-utils",
  "version": "0.1.0",
  "lockfileVersion": 2,
  "requires": true,
  "packages": {
    "": {
      "name": "solr-utils",
      "version": "0.1.0",
      "license": "MIT",
      "dependencies": {
        "axios": "^0.26.1"
      },
      "devDependencies": {
        "axios-socks5-agent": "^1.0.5"
      }
    },
    "node_modules/axios": {
      "version": "0.26.1",
      "resolved": "https://registry.npmjs.org/axios/-/axios-0.26.1.tgz",
      "integrity": "sha512-fPwcX4EvnSHuInCMItEhAGnaSEXRBjtzh9fOtsE6E1G6p7vl7edEeZe11QHf18+6+9gR5PbKV/sGKNaD8YaMeA==",
      "dependencies": {
        "follow-redirects": "^1.14.8"
      }
    },
    "node_modules/axios-socks5-agent": {
      "version": "1.0.5",
      "resolved": "https://registry.npmjs.org/axios-socks5-agent/-/axios-socks5-agent-1.0.5.tgz",
      "integrity": "sha512-n3GAyR38V2a35i3/ukVjYmCFXvOEAi7aOehztzgeWlAKQBhtrjIyfecXTvAg5uYImc0oWTdhqD+2YaZ5j4v+xw==",
      "dev": true,
      "dependencies": {
        "socks5-http-client": "^1.0.4",
        "socks5-https-client": "^1.2.1"
      }
    },
    "node_modules/follow-redirects": {
      "version": "1.14.9",
      "resolved": "https://registry.npmjs.org/follow-redirects/-/follow-redirects-1.14.9.tgz",
      "integrity": "sha512-MQDfihBQYMcyy5dhRDJUHcw7lb2Pv/TuE6xP1vyraLukNDHKbDxDNaOE3NbCAdKQApno+GPRyo1YAp89yCjK4w==",
      "funding": [
        {
          "type": "individual",
          "url": "https://github.com/sponsors/RubenVerborgh"
        }
      ],
      "engines": {
        "node": ">=4.0"
      },
      "peerDependenciesMeta": {
        "debug": {
          "optional": true
        }
      }
    },
    "node_modules/ip-address": {
      "version": "6.1.0",
      "resolved": "https://registry.npmjs.org/ip-address/-/ip-address-6.1.0.tgz",
      "integrity": "sha512-u9YYtb1p2fWSbzpKmZ/b3QXWA+diRYPxc2c4y5lFB/MMk5WZ7wNZv8S3CFcIGVJ5XtlaCAl/FQy/D3eQ2XtdOA==",
      "dev": true,
      "dependencies": {
        "jsbn": "1.1.0",
        "lodash": "^4.17.15",
        "sprintf-js": "1.1.2"
      },
      "engines": {
        "node": ">= 0.10"
      }
    },
    "node_modules/jsbn": {
      "version": "1.1.0",
      "resolved": "https://registry.npmjs.org/jsbn/-/jsbn-1.1.0.tgz",
      "integrity": "sha1-sBMHyym2GKHtJux56RH4A8TaAEA=",
      "dev": true
    },
    "node_modules/lodash": {
      "version": "4.17.21",
      "resolved": "https://registry.npmjs.org/lodash/-/lodash-4.17.21.tgz",
      "integrity": "sha512-v2kDEe57lecTulaDIuNTPy3Ry4gLGJ6Z1O3vE1krgXZNrsQ+LFTGHVxVjcXPs17LhbZVGedAJv8XZ1tvj5FvSg==",
      "dev": true
    },
    "node_modules/socks5-client": {
      "version": "1.2.8",
      "resolved": "https://registry.npmjs.org/socks5-client/-/socks5-client-1.2.8.tgz",
      "integrity": "sha512-js8WqQ/JjZS3IQwUxRwSThvXzcRIHE8sde8nE5q7nqxiFGb8EoHmNJ9SF2lXqn3ux6pUV3+InH7ng7mANK6XfA==",
      "dev": true,
      "dependencies": {
        "ip-address": "~6.1.0"
      },
      "engines": {
        "node": ">= 6.4.0"
      }
    },
    "node_modules/socks5-http-client": {
      "version": "1.0.4",
      "resolved": "https://registry.npmjs.org/socks5-http-client/-/socks5-http-client-1.0.4.tgz",
      "integrity": "sha512-K16meYkltPtps6yDOqK9Mwlfz+pdD2kQQQ/TCO/gu2AImUmfO6nF2uXX1YWrPs4NCfClQNih19wqLXmuUcZCrA==",
      "dev": true,
      "dependencies": {
        "socks5-client": "~1.2.6"
      },
      "engines": {
        "node": ">= 6.4.0"
      }
    },
    "node_modules/socks5-https-client": {
      "version": "1.2.1",
      "resolved": "https://registry.npmjs.org/socks5-https-client/-/socks5-https-client-1.2.1.tgz",
      "integrity": "sha512-FbZ/X/2Xq3DAMhuRA4bnN0jy1QxaPTVPLFvyv6CEj0QDKSTdWp9yRxo1JhqXmWKhPQeJyUMajHJB2UjT43pFcw==",
      "dev": true,
      "dependencies": {
        "socks5-client": "~1.2.3"
      },
      "engines": {
        "node": ">= 6.4.0"
      }
    },
    "node_modules/sprintf-js": {
      "version": "1.1.2",
      "resolved": "https://registry.npmjs.org/sprintf-js/-/sprintf-js-1.1.2.tgz",
      "integrity": "sha512-VE0SOVEHCk7Qc8ulkWw3ntAzXuqf7S2lvwQaDLRnUeIEaKNQJzV6BwmLKhOqT61aGhfUMrXeaBk+oDGCzvhcug==",
      "dev": true
    }
  },
  "dependencies": {
    "axios": {
      "version": "0.26.1",
      "resolved": "https://registry.npmjs.org/axios/-/axios-0.26.1.tgz",
      "integrity": "sha512-fPwcX4EvnSHuInCMItEhAGnaSEXRBjtzh9fOtsE6E1G6p7vl7edEeZe11QHf18+6+9gR5PbKV/sGKNaD8YaMeA==",
      "requires": {
        "follow-redirects": "^1.14.8"
      }
    },
    "axios-socks5-agent": {
      "version": "1.0.5",
      "resolved": "https://registry.npmjs.org/axios-socks5-agent/-/axios-socks5-agent-1.0.5.tgz",
      "integrity": "sha512-n3GAyR38V2a35i3/ukVjYmCFXvOEAi7aOehztzgeWlAKQBhtrjIyfecXTvAg5uYImc0oWTdhqD+2YaZ5j4v+xw==",
      "dev": true,
      "requires": {
        "socks5-http-client": "^1.0.4",
        "socks5-https-client": "^1.2.1"
      }
    },
    "follow-redirects": {
      "version": "1.14.9",
      "resolved": "https://registry.npmjs.org/follow-redirects/-/follow-redirects-1.14.9.tgz",
      "integrity": "sha512-MQDfihBQYMcyy5dhRDJUHcw7lb2Pv/TuE6xP1vyraLukNDHKbDxDNaOE3NbCAdKQApno+GPRyo1YAp89yCjK4w=="
    },
    "ip-address": {
      "version": "6.1.0",
      "resolved": "https://registry.npmjs.org/ip-address/-/ip-address-6.1.0.tgz",
      "integrity": "sha512-u9YYtb1p2fWSbzpKmZ/b3QXWA+diRYPxc2c4y5lFB/MMk5WZ7wNZv8S3CFcIGVJ5XtlaCAl/FQy/D3eQ2XtdOA==",
      "dev": true,
      "requires": {
        "jsbn": "1.1.0",
        "lodash": "^4.17.15",
        "sprintf-js": "1.1.2"
      }
    },
    "jsbn": {
      "version": "1.1.0",
      "resolved": "https://registry.npmjs.org/jsbn/-/jsbn-1.1.0.tgz",
      "integrity": "sha1-sBMHyym2GKHtJux56RH4A8TaAEA=",
      "dev": true
    },
    "lodash": {
      "version": "4.17.21",
      "resolved": "https://registry.npmjs.org/lodash/-/lodash-4.17.21.tgz",
      "integrity": "sha512-v2kDEe57lecTulaDIuNTPy3Ry4gLGJ6Z1O3vE1krgXZNrsQ+LFTGHVxVjcXPs17LhbZVGedAJv8XZ1tvj5FvSg==",
      "dev": true
    },
    "socks5-client": {
      "version": "1.2.8",
      "resolved": "https://registry.npmjs.org/socks5-client/-/socks5-client-1.2.8.tgz",
      "integrity": "sha512-js8WqQ/JjZS3IQwUxRwSThvXzcRIHE8sde8nE5q7nqxiFGb8EoHmNJ9SF2lXqn3ux6pUV3+InH7ng7mANK6XfA==",
      "dev": true,
      "requires": {
        "ip-address": "~6.1.0"
      }
    },
    "socks5-http-client": {
      "version": "1.0.4",
      "resolved": "https://registry.npmjs.org/socks5-http-client/-/socks5-http-client-1.0.4.tgz",
      "integrity": "sha512-K16meYkltPtps6yDOqK9Mwlfz+pdD2kQQQ/TCO/gu2AImUmfO6nF2uXX1YWrPs4NCfClQNih19wqLXmuUcZCrA==",
      "dev": true,
      "requires": {
        "socks5-client": "~1.2.6"
      }
    },
    "socks5-https-client": {
      "version": "1.2.1",
      "resolved": "https://registry.npmjs.org/socks5-https-client/-/socks5-https-client-1.2.1.tgz",
      "integrity": "sha512-FbZ/X/2Xq3DAMhuRA4bnN0jy1QxaPTVPLFvyv6CEj0QDKSTdWp9yRxo1JhqXmWKhPQeJyUMajHJB2UjT43pFcw==",
      "dev": true,
      "requires": {
        "socks5-client": "~1.2.3"
      }
    },
    "sprintf-js": {
      "version": "1.1.2",
      "resolved": "https://registry.npmjs.org/sprintf-js/-/sprintf-js-1.1.2.tgz",
      "integrity": "sha512-VE0SOVEHCk7Qc8ulkWw3ntAzXuqf7S2lvwQaDLRnUeIEaKNQJzV6BwmLKhOqT61aGhfUMrXeaBk+oDGCzvhcug==",
      "dev": true
    }
  }
}
